schema: '2.0'
stages:
  ingest:
    cmd: python src/data_ingestion/parse_vibxpert.py
    deps:
    - path: data/raw
      hash: md5
      md5: 051f0dc8f8a3b6b1d302208103fe1ffb.dir
      size: 260387286
      nfiles: 522
    - path: src/data_ingestion/parse_vibxpert.py
      hash: md5
      md5: 0f1e735763f46630bc2fd12ce3663a14
      size: 1672
    outs:
    - path: data/raw_signals
      hash: md5
      md5: 5d876446bb52d6f5f109700cbfc7e5d0.dir
      size: 57143105
      nfiles: 522
  features:
    cmd: python src/feature_engineering/build_dataset.py
    deps:
    - path: data/raw_signals
      hash: md5
      md5: 5d876446bb52d6f5f109700cbfc7e5d0.dir
      size: 57143105
      nfiles: 522
    - path: src/feature_engineering/build_dataset.py
      hash: md5
      md5: 522670acd41dcb70ba0a4009f48be39a
      size: 1632
    outs:
    - path: data/processed/final_dataset.csv
      hash: md5
      md5: a1bcc6a95e49b0d1dce05ed56730cff7
      size: 102128
  train:
    cmd: python src/training/train_models.py
    deps:
    - path: data/processed/final_dataset.csv
      hash: md5
      md5: a1bcc6a95e49b0d1dce05ed56730cff7
      size: 102128
    - path: src/training/train_models.py
      hash: md5
      md5: 704b59f309808564f4ad9549f488b222
      size: 5378
    outs:
    - path: models
      hash: md5
      md5: 07064a8abe8016d7d3a91c3c3a8bb744.dir
      size: 141730
      nfiles: 2
  optimize:
    cmd: python src/optimization/rpm_optimizer.py
    deps:
    - path: models
      hash: md5
      md5: 07064a8abe8016d7d3a91c3c3a8bb744.dir
      size: 141730
      nfiles: 2
    - path: src/optimization/rpm_optimizer.py
      hash: md5
      md5: 7e38e6a81072465e14596ae529b289d4
      size: 5387
